
Microsoft Visual Studio Solution File, Format Version 12.00
# Visual Studio Version 17
VisualStudioVersion = 17.11.35312.102
MinimumVisualStudioVersion = 10.0.40219.1
Project("{FAE04EC0-301F-11D3-BF4B-00C04F79EFBC}") = "WinFormsApp1", "WinFormsApp1\WinFormsApp1.csproj", "{642DDBB0-5B9A-4F21-937B-D4F3F8B521EC}"
EndProject
Global
	GlobalSection(SolutionConfigurationPlatforms) = preSolution
		Debug|Any CPU = Debug|Any CPU
		Release|Any CPU = Release|Any CPU
	EndGlobalSection
	GlobalSection(ProjectConfigurationPlatforms) = postSolution
		{642DDBB0-5B9A-4F21-937B-D4F3F8B521EC}.Debug|Any CPU.ActiveCfg = Debug|Any CPU
		{642DDBB0-5B9A-4F21-937B-D4F3F8B521EC}.Debug|Any CPU.Build.0 = Debug|Any CPU
		{642DDBB0-5B9A-4F21-937B-D4F3F8B521EC}.Release|Any CPU.ActiveCfg = Release|Any CPU
		{642DDBB0-5B9A-4F21-937B-D4F3F8B521EC}.Release|Any CPU.Build.0 = Release|Any CPU
	EndGlobalSection
	GlobalSection(SolutionProperties) = preSolution
		HideSolutionNode = FALSE
	EndGlobalSection
	GlobalSection(ExtensibilityGlobals) = postSolution
		SolutionGuid = {31C69151-8187-4C79-94AE-82AD532408D5}
	EndGlobalSection
EndGlobal
